
Microsoft Visual Studio Solution File, Format Version 12.00
# Visual Studio Version 17
VisualStudioVersion = 17.13.35919.96 d17.13
MinimumVisualStudioVersion = 10.0.40219.1
Project("{FAE04EC0-301F-11D3-BF4B-00C04F79EFBC}") = "TodoListBackend", "TodoListBackend.csproj", "{0AAB330C-B7C7-497F-88D7-5BE40FA4C0E5}"
EndProject
Global
	GlobalSection(SolutionConfigurationPlatforms) = preSolution
		Debug|Any CPU = Debug|Any CPU
		Release|Any CPU = Release|Any CPU
	EndGlobalSection
	GlobalSection(ProjectConfigurationPlatforms) = postSolution
		{0AAB330C-B7C7-497F-88D7-5BE40FA4C0E5}.Debug|Any CPU.ActiveCfg = Debug|Any CPU
		{0AAB330C-B7C7-497F-88D7-5BE40FA4C0E5}.Debug|Any CPU.Build.0 = Debug|Any CPU
		{0AAB330C-B7C7-497F-88D7-5BE40FA4C0E5}.Release|Any CPU.ActiveCfg = Release|Any CPU
		{0AAB330C-B7C7-497F-88D7-5BE40FA4C0E5}.Release|Any CPU.Build.0 = Release|Any CPU
	EndGlobalSection
	GlobalSection(SolutionProperties) = preSolution
		HideSolutionNode = FALSE
	EndGlobalSection
	GlobalSection(ExtensibilityGlobals) = postSolution
		SolutionGuid = {BB1895AE-7415-43F4-ACDD-E4EC84183425}
	EndGlobalSection
EndGlobal
